
Microsoft Visual Studio Solution File, Format Version 12.00
# Visual Studio Version 17
VisualStudioVersion = 17.12.35527.113
MinimumVisualStudioVersion = 10.0.40219.1
Project("{FAE04EC0-301F-11D3-BF4B-00C04F79EFBC}") = "ContoursViewer", "ContoursTester\ContoursTester\ContoursViewer.csproj", "{25412822-3407-4F97-9362-745756920285}"
EndProject
Project("{FAE04EC0-301F-11D3-BF4B-00C04F79EFBC}") = "DxfLibrary", "DxfLibrary\DxfLibrary.csproj", "{69CA75D0-CB87-45FE-B462-8C92A0D4A489}"
EndProject
Project("{FAE04EC0-301F-11D3-BF4B-00C04F79EFBC}") = "GeneralMatrix", "GeneralMatrix\GeneralMatrix.csproj", "{6ABA6EAD-58B0-4FCE-A97F-BC884281A170}"
EndProject
Project("{FAE04EC0-301F-11D3-BF4B-00C04F79EFBC}") = "GeoBase", "GeoBase\GeoBase.csproj", "{ED2C0A40-579E-40A2-813A-E6D165D9FCE6}"
EndProject
Project("{FAE04EC0-301F-11D3-BF4B-00C04F79EFBC}") = "GeoCalculations", "GeoCalculations\GeoCalculations.csproj", "{A85CF85A-15D5-4D93-A286-7B26D292579E}"
EndProject
Project("{FAE04EC0-301F-11D3-BF4B-00C04F79EFBC}") = "GeoCalculationsTest", "GeoCalculationsTest\GeoCalculationsTest.csproj", "{312A11E6-C1C5-4E46-AFC3-863C8BE768FE}"
EndProject
Project("{FAE04EC0-301F-11D3-BF4B-00C04F79EFBC}") = "GeoHelper", "GeoHelper\GeoHelper.csproj", "{7C916BD9-C215-41B7-919B-3EF9A9BD431C}"
EndProject
Project("{FAE04EC0-301F-11D3-BF4B-00C04F79EFBC}") = "GeoHelperUnitTests", "GeoHelperUnitTests\GeoHelperUnitTests.csproj", "{231D7FCC-1F5E-419E-B84F-834E3AE5B3A1}"
EndProject
Project("{FAE04EC0-301F-11D3-BF4B-00C04F79EFBC}") = "WPF.MDI", "WPF.MDI\WPF.MDI.csproj", "{BE1ED569-5E0B-4DF0-8964-33AD2AAE4C4A}"
EndProject
Project("{8BC9CEB8-8B4A-11D0-8D11-00A0C91BC942}") = "Transformation", "Transformation\Transformation.vcxproj", "{A411BE70-9BD4-42A3-B76F-EAE87AAD03DD}"
EndProject
Project("{FAE04EC0-301F-11D3-BF4B-00C04F79EFBC}") = "CAD", "CAD\CAD.csproj", "{7748DE99-F7A6-4EF4-8252-7B35B76AF97D}"
EndProject
Project("{FAE04EC0-301F-11D3-BF4B-00C04F79EFBC}") = "AvalonDock", "AvalonDock\AvalonDock\AvalonDock.csproj", "{2FF700C2-A38A-48BD-A637-8CAFD4FE6237}"
EndProject
Project("{FAE04EC0-301F-11D3-BF4B-00C04F79EFBC}") = "CSVToBinCreator", "SC_SEZNAMKUKRA_CSVToBinCreator\CSVToBinCreator.csproj", "{4A4819C5-6855-40CA-A1C7-86842E876D44}"
EndProject
Global
	GlobalSection(SolutionConfigurationPlatforms) = preSolution
		Debug|Any CPU = Debug|Any CPU
		Debug|Mixed Platforms = Debug|Mixed Platforms
		Debug|Win32 = Debug|Win32
		Debug|x86 = Debug|x86
		Release|Any CPU = Release|Any CPU
		Release|Mixed Platforms = Release|Mixed Platforms
		Release|Win32 = Release|Win32
		Release|x86 = Release|x86
	EndGlobalSection
	GlobalSection(ProjectConfigurationPlatforms) = postSolution
		{25412822-3407-4F97-9362-745756920285}.Debug|Any CPU.ActiveCfg = Debug|Any CPU
		{25412822-3407-4F97-9362-745756920285}.Debug|Any CPU.Build.0 = Debug|Any CPU
		{25412822-3407-4F97-9362-745756920285}.Debug|Mixed Platforms.ActiveCfg = Debug|Any CPU
		{25412822-3407-4F97-9362-745756920285}.Debug|Mixed Platforms.Build.0 = Debug|Any CPU
		{25412822-3407-4F97-9362-745756920285}.Debug|Win32.ActiveCfg = Debug|x86
		{25412822-3407-4F97-9362-745756920285}.Debug|Win32.Build.0 = Debug|x86
		{25412822-3407-4F97-9362-745756920285}.Debug|x86.ActiveCfg = Debug|x86
		{25412822-3407-4F97-9362-745756920285}.Debug|x86.Build.0 = Debug|x86
		{25412822-3407-4F97-9362-745756920285}.Release|Any CPU.ActiveCfg = Release|Any CPU
		{25412822-3407-4F97-9362-745756920285}.Release|Any CPU.Build.0 = Release|Any CPU
		{25412822-3407-4F97-9362-745756920285}.Release|Mixed Platforms.ActiveCfg = Release|x86
		{25412822-3407-4F97-9362-745756920285}.Release|Mixed Platforms.Build.0 = Release|x86
		{25412822-3407-4F97-9362-745756920285}.Release|Win32.ActiveCfg = Release|x86
		{25412822-3407-4F97-9362-745756920285}.Release|Win32.Build.0 = Release|x86
		{25412822-3407-4F97-9362-745756920285}.Release|x86.ActiveCfg = Release|x86
		{25412822-3407-4F97-9362-745756920285}.Release|x86.Build.0 = Release|x86
		{69CA75D0-CB87-45FE-B462-8C92A0D4A489}.Debug|Any CPU.ActiveCfg = Debug|Any CPU
		{69CA75D0-CB87-45FE-B462-8C92A0D4A489}.Debug|Any CPU.Build.0 = Debug|Any CPU
		{69CA75D0-CB87-45FE-B462-8C92A0D4A489}.Debug|Mixed Platforms.ActiveCfg = Debug|Any CPU
		{69CA75D0-CB87-45FE-B462-8C92A0D4A489}.Debug|Mixed Platforms.Build.0 = Debug|Any CPU
		{69CA75D0-CB87-45FE-B462-8C92A0D4A489}.Debug|Win32.ActiveCfg = Debug|x86
		{69CA75D0-CB87-45FE-B462-8C92A0D4A489}.Debug|Win32.Build.0 = Debug|x86
		{69CA75D0-CB87-45FE-B462-8C92A0D4A489}.Debug|x86.ActiveCfg = Debug|x86
		{69CA75D0-CB87-45FE-B462-8C92A0D4A489}.Debug|x86.Build.0 = Debug|x86
		{69CA75D0-CB87-45FE-B462-8C92A0D4A489}.Release|Any CPU.ActiveCfg = Release|Any CPU
		{69CA75D0-CB87-45FE-B462-8C92A0D4A489}.Release|Any CPU.Build.0 = Release|Any CPU
		{69CA75D0-CB87-45FE-B462-8C92A0D4A489}.Release|Mixed Platforms.ActiveCfg = Release|x86
		{69CA75D0-CB87-45FE-B462-8C92A0D4A489}.Release|Mixed Platforms.Build.0 = Release|x86
		{69CA75D0-CB87-45FE-B462-8C92A0D4A489}.Release|Win32.ActiveCfg = Release|x86
		{69CA75D0-CB87-45FE-B462-8C92A0D4A489}.Release|Win32.Build.0 = Release|x86
		{69CA75D0-CB87-45FE-B462-8C92A0D4A489}.Release|x86.ActiveCfg = Release|x86
		{69CA75D0-CB87-45FE-B462-8C92A0D4A489}.Release|x86.Build.0 = Release|x86
		{6ABA6EAD-58B0-4FCE-A97F-BC884281A170}.Debug|Any CPU.ActiveCfg = Debug|Any CPU
		{6ABA6EAD-58B0-4FCE-A97F-BC884281A170}.Debug|Any CPU.Build.0 = Debug|Any CPU
		{6ABA6EAD-58B0-4FCE-A97F-BC884281A170}.Debug|Mixed Platforms.ActiveCfg = Debug|Any CPU
		{6ABA6EAD-58B0-4FCE-A97F-BC884281A170}.Debug|Mixed Platforms.Build.0 = Debug|Any CPU
		{6ABA6EAD-58B0-4FCE-A97F-BC884281A170}.Debug|Win32.ActiveCfg = Debug|x86
		{6ABA6EAD-58B0-4FCE-A97F-BC884281A170}.Debug|Win32.Build.0 = Debug|x86
		{6ABA6EAD-58B0-4FCE-A97F-BC884281A170}.Debug|x86.ActiveCfg = Debug|x86
		{6ABA6EAD-58B0-4FCE-A97F-BC884281A170}.Debug|x86.Build.0 = Debug|x86
		{6ABA6EAD-58B0-4FCE-A97F-BC884281A170}.Release|Any CPU.ActiveCfg = Release|Any CPU
		{6ABA6EAD-58B0-4FCE-A97F-BC884281A170}.Release|Any CPU.Build.0 = Release|Any CPU
		{6ABA6EAD-58B0-4FCE-A97F-BC884281A170}.Release|Mixed Platforms.ActiveCfg = Release|x86
		{6ABA6EAD-58B0-4FCE-A97F-BC884281A170}.Release|Mixed Platforms.Build.0 = Release|x86
		{6ABA6EAD-58B0-4FCE-A97F-BC884281A170}.Release|Win32.ActiveCfg = Release|x86
		{6ABA6EAD-58B0-4FCE-A97F-BC884281A170}.Release|Win32.Build.0 = Release|x86
		{6ABA6EAD-58B0-4FCE-A97F-BC884281A170}.Release|x86.ActiveCfg = Release|x86
		{6ABA6EAD-58B0-4FCE-A97F-BC884281A170}.Release|x86.Build.0 = Release|x86
		{ED2C0A40-579E-40A2-813A-E6D165D9FCE6}.Debug|Any CPU.ActiveCfg = Debug|Any CPU
		{ED2C0A40-579E-40A2-813A-E6D165D9FCE6}.Debug|Any CPU.Build.0 = Debug|Any CPU
		{ED2C0A40-579E-40A2-813A-E6D165D9FCE6}.Debug|Mixed Platforms.ActiveCfg = Debug|Any CPU
		{ED2C0A40-579E-40A2-813A-E6D165D9FCE6}.Debug|Mixed Platforms.Build.0 = Debug|Any CPU
		{ED2C0A40-579E-40A2-813A-E6D165D9FCE6}.Debug|Win32.ActiveCfg = Debug|x86
		{ED2C0A40-579E-40A2-813A-E6D165D9FCE6}.Debug|Win32.Build.0 = Debug|x86
		{ED2C0A40-579E-40A2-813A-E6D165D9FCE6}.Debug|x86.ActiveCfg = Debug|x86
		{ED2C0A40-579E-40A2-813A-E6D165D9FCE6}.Debug|x86.Build.0 = Debug|x86
		{ED2C0A40-579E-40A2-813A-E6D165D9FCE6}.Release|Any CPU.ActiveCfg = Release|Any CPU
		{ED2C0A40-579E-40A2-813A-E6D165D9FCE6}.Release|Any CPU.Build.0 = Release|Any CPU
		{ED2C0A40-579E-40A2-813A-E6D165D9FCE6}.Release|Mixed Platforms.ActiveCfg = Release|x86
		{ED2C0A40-579E-40A2-813A-E6D165D9FCE6}.Release|Mixed Platforms.Build.0 = Release|x86
		{ED2C0A40-579E-40A2-813A-E6D165D9FCE6}.Release|Win32.ActiveCfg = Release|x86
		{ED2C0A40-579E-40A2-813A-E6D165D9FCE6}.Release|Win32.Build.0 = Release|x86
		{ED2C0A40-579E-40A2-813A-E6D165D9FCE6}.Release|x86.ActiveCfg = Release|x86
		{ED2C0A40-579E-40A2-813A-E6D165D9FCE6}.Release|x86.Build.0 = Release|x86
		{A85CF85A-15D5-4D93-A286-7B26D292579E}.Debug|Any CPU.ActiveCfg = Debug|Any CPU
		{A85CF85A-15D5-4D93-A286-7B26D292579E}.Debug|Any CPU.Build.0 = Debug|Any CPU
		{A85CF85A-15D5-4D93-A286-7B26D292579E}.Debug|Mixed Platforms.ActiveCfg = Debug|Any CPU
		{A85CF85A-15D5-4D93-A286-7B26D292579E}.Debug|Win32.ActiveCfg = Debug|x86
		{A85CF85A-15D5-4D93-A286-7B26D292579E}.Debug|Win32.Build.0 = Debug|x86
		{A85CF85A-15D5-4D93-A286-7B26D292579E}.Debug|x86.ActiveCfg = Debug|x86
		{A85CF85A-15D5-4D93-A286-7B26D292579E}.Debug|x86.Build.0 = Debug|x86
		{A85CF85A-15D5-4D93-A286-7B26D292579E}.Release|Any CPU.ActiveCfg = Release|Any CPU
		{A85CF85A-15D5-4D93-A286-7B26D292579E}.Release|Any CPU.Build.0 = Release|Any CPU
		{A85CF85A-15D5-4D93-A286-7B26D292579E}.Release|Mixed Platforms.ActiveCfg = Release|x86
		{A85CF85A-15D5-4D93-A286-7B26D292579E}.Release|Mixed Platforms.Build.0 = Release|x86
		{A85CF85A-15D5-4D93-A286-7B26D292579E}.Release|Win32.ActiveCfg = Release|x86
		{A85CF85A-15D5-4D93-A286-7B26D292579E}.Release|Win32.Build.0 = Release|x86
		{A85CF85A-15D5-4D93-A286-7B26D292579E}.Release|x86.ActiveCfg = Release|x86
		{A85CF85A-15D5-4D93-A286-7B26D292579E}.Release|x86.Build.0 = Release|x86
		{312A11E6-C1C5-4E46-AFC3-863C8BE768FE}.Debug|Any CPU.ActiveCfg = Debug|Any CPU
		{312A11E6-C1C5-4E46-AFC3-863C8BE768FE}.Debug|Any CPU.Build.0 = Debug|Any CPU
		{312A11E6-C1C5-4E46-AFC3-863C8BE768FE}.Debug|Mixed Platforms.ActiveCfg = Debug|Any CPU
		{312A11E6-C1C5-4E46-AFC3-863C8BE768FE}.Debug|Win32.ActiveCfg = Debug|x86
		{312A11E6-C1C5-4E46-AFC3-863C8BE768FE}.Debug|Win32.Build.0 = Debug|x86
		{312A11E6-C1C5-4E46-AFC3-863C8BE768FE}.Debug|x86.ActiveCfg = Debug|x86
		{312A11E6-C1C5-4E46-AFC3-863C8BE768FE}.Debug|x86.Build.0 = Debug|x86
		{312A11E6-C1C5-4E46-AFC3-863C8BE768FE}.Release|Any CPU.ActiveCfg = Release|Any CPU
		{312A11E6-C1C5-4E46-AFC3-863C8BE768FE}.Release|Any CPU.Build.0 = Release|Any CPU
		{312A11E6-C1C5-4E46-AFC3-863C8BE768FE}.Release|Mixed Platforms.ActiveCfg = Release|x86
		{312A11E6-C1C5-4E46-AFC3-863C8BE768FE}.Release|Mixed Platforms.Build.0 = Release|x86
		{312A11E6-C1C5-4E46-AFC3-863C8BE768FE}.Release|Win32.ActiveCfg = Release|x86
		{312A11E6-C1C5-4E46-AFC3-863C8BE768FE}.Release|Win32.Build.0 = Release|x86
		{312A11E6-C1C5-4E46-AFC3-863C8BE768FE}.Release|x86.ActiveCfg = Release|x86
		{312A11E6-C1C5-4E46-AFC3-863C8BE768FE}.Release|x86.Build.0 = Release|x86
		{7C916BD9-C215-41B7-919B-3EF9A9BD431C}.Debug|Any CPU.ActiveCfg = Debug|Any CPU
		{7C916BD9-C215-41B7-919B-3EF9A9BD431C}.Debug|Any CPU.Build.0 = Debug|Any CPU
		{7C916BD9-C215-41B7-919B-3EF9A9BD431C}.Debug|Mixed Platforms.ActiveCfg = Debug|Any CPU
		{7C916BD9-C215-41B7-919B-3EF9A9BD431C}.Debug|Win32.ActiveCfg = Debug|x86
		{7C916BD9-C215-41B7-919B-3EF9A9BD431C}.Debug|Win32.Build.0 = Debug|x86
		{7C916BD9-C215-41B7-919B-3EF9A9BD431C}.Debug|x86.ActiveCfg = Debug|x86
		{7C916BD9-C215-41B7-919B-3EF9A9BD431C}.Debug|x86.Build.0 = Debug|x86
		{7C916BD9-C215-41B7-919B-3EF9A9BD431C}.Release|Any CPU.ActiveCfg = Release|Any CPU
		{7C916BD9-C215-41B7-919B-3EF9A9BD431C}.Release|Any CPU.Build.0 = Release|Any CPU
		{7C916BD9-C215-41B7-919B-3EF9A9BD431C}.Release|Mixed Platforms.ActiveCfg = Release|x86
		{7C916BD9-C215-41B7-919B-3EF9A9BD431C}.Release|Mixed Platforms.Build.0 = Release|x86
		{7C916BD9-C215-41B7-919B-3EF9A9BD431C}.Release|Win32.ActiveCfg = Release|x86
		{7C916BD9-C215-41B7-919B-3EF9A9BD431C}.Release|Win32.Build.0 = Release|x86
		{7C916BD9-C215-41B7-919B-3EF9A9BD431C}.Release|x86.ActiveCfg = Release|x86
		{7C916BD9-C215-41B7-919B-3EF9A9BD431C}.Release|x86.Build.0 = Release|x86
		{231D7FCC-1F5E-419E-B84F-834E3AE5B3A1}.Debug|Any CPU.ActiveCfg = Debug|Any CPU
		{231D7FCC-1F5E-419E-B84F-834E3AE5B3A1}.Debug|Any CPU.Build.0 = Debug|Any CPU
		{231D7FCC-1F5E-419E-B84F-834E3AE5B3A1}.Debug|Mixed Platforms.ActiveCfg = Debug|Any CPU
		{231D7FCC-1F5E-419E-B84F-834E3AE5B3A1}.Debug|Win32.ActiveCfg = Debug|x86
		{231D7FCC-1F5E-419E-B84F-834E3AE5B3A1}.Debug|Win32.Build.0 = Debug|x86
		{231D7FCC-1F5E-419E-B84F-834E3AE5B3A1}.Debug|x86.ActiveCfg = Debug|x86
		{231D7FCC-1F5E-419E-B84F-834E3AE5B3A1}.Debug|x86.Build.0 = Debug|x86
		{231D7FCC-1F5E-419E-B84F-834E3AE5B3A1}.Release|Any CPU.ActiveCfg = Release|Any CPU
		{231D7FCC-1F5E-419E-B84F-834E3AE5B3A1}.Release|Any CPU.Build.0 = Release|Any CPU
		{231D7FCC-1F5E-419E-B84F-834E3AE5B3A1}.Release|Mixed Platforms.ActiveCfg = Release|x86
		{231D7FCC-1F5E-419E-B84F-834E3AE5B3A1}.Release|Mixed Platforms.Build.0 = Release|x86
		{231D7FCC-1F5E-419E-B84F-834E3AE5B3A1}.Release|Win32.ActiveCfg = Release|x86
		{231D7FCC-1F5E-419E-B84F-834E3AE5B3A1}.Release|Win32.Build.0 = Release|x86
		{231D7FCC-1F5E-419E-B84F-834E3AE5B3A1}.Release|x86.ActiveCfg = Release|x86
		{231D7FCC-1F5E-419E-B84F-834E3AE5B3A1}.Release|x86.Build.0 = Release|x86
		{BE1ED569-5E0B-4DF0-8964-33AD2AAE4C4A}.Debug|Any CPU.ActiveCfg = Debug|Any CPU
		{BE1ED569-5E0B-4DF0-8964-33AD2AAE4C4A}.Debug|Any CPU.Build.0 = Debug|Any CPU
		{BE1ED569-5E0B-4DF0-8964-33AD2AAE4C4A}.Debug|Mixed Platforms.ActiveCfg = Debug|Any CPU
		{BE1ED569-5E0B-4DF0-8964-33AD2AAE4C4A}.Debug|Win32.ActiveCfg = Debug|Any CPU
		{BE1ED569-5E0B-4DF0-8964-33AD2AAE4C4A}.Debug|x86.ActiveCfg = Debug|Any CPU
		{BE1ED569-5E0B-4DF0-8964-33AD2AAE4C4A}.Release|Any CPU.ActiveCfg = Release|Any CPU
		{BE1ED569-5E0B-4DF0-8964-33AD2AAE4C4A}.Release|Any CPU.Build.0 = Release|Any CPU
		{BE1ED569-5E0B-4DF0-8964-33AD2AAE4C4A}.Release|Mixed Platforms.ActiveCfg = Release|Any CPU
		{BE1ED569-5E0B-4DF0-8964-33AD2AAE4C4A}.Release|Mixed Platforms.Build.0 = Release|Any CPU
		{BE1ED569-5E0B-4DF0-8964-33AD2AAE4C4A}.Release|Win32.ActiveCfg = Release|Any CPU
		{BE1ED569-5E0B-4DF0-8964-33AD2AAE4C4A}.Release|x86.ActiveCfg = Release|Any CPU
		{A411BE70-9BD4-42A3-B76F-EAE87AAD03DD}.Debug|Any CPU.ActiveCfg = Debug|Win32
		{A411BE70-9BD4-42A3-B76F-EAE87AAD03DD}.Debug|Mixed Platforms.ActiveCfg = Debug|Win32
		{A411BE70-9BD4-42A3-B76F-EAE87AAD03DD}.Debug|Win32.ActiveCfg = Debug|Win32
		{A411BE70-9BD4-42A3-B76F-EAE87AAD03DD}.Debug|Win32.Build.0 = Debug|Win32
		{A411BE70-9BD4-42A3-B76F-EAE87AAD03DD}.Debug|x86.ActiveCfg = Debug|Win32
		{A411BE70-9BD4-42A3-B76F-EAE87AAD03DD}.Debug|x86.Build.0 = Debug|Win32
		{A411BE70-9BD4-42A3-B76F-EAE87AAD03DD}.Release|Any CPU.ActiveCfg = Release|Win32
		{A411BE70-9BD4-42A3-B76F-EAE87AAD03DD}.Release|Mixed Platforms.ActiveCfg = Release|Win32
		{A411BE70-9BD4-42A3-B76F-EAE87AAD03DD}.Release|Mixed Platforms.Build.0 = Release|Win32
		{A411BE70-9BD4-42A3-B76F-EAE87AAD03DD}.Release|Win32.ActiveCfg = Release|Win32
		{A411BE70-9BD4-42A3-B76F-EAE87AAD03DD}.Release|Win32.Build.0 = Release|Win32
		{A411BE70-9BD4-42A3-B76F-EAE87AAD03DD}.Release|x86.ActiveCfg = Release|Win32
		{A411BE70-9BD4-42A3-B76F-EAE87AAD03DD}.Release|x86.Build.0 = Release|Win32
		{7748DE99-F7A6-4EF4-8252-7B35B76AF97D}.Debug|Any CPU.ActiveCfg = Debug|Any CPU
		{7748DE99-F7A6-4EF4-8252-7B35B76AF97D}.Debug|Any CPU.Build.0 = Debug|Any CPU
		{7748DE99-F7A6-4EF4-8252-7B35B76AF97D}.Debug|Mixed Platforms.ActiveCfg = Debug|Any CPU
		{7748DE99-F7A6-4EF4-8252-7B35B76AF97D}.Debug|Mixed Platforms.Build.0 = Debug|Any CPU
		{7748DE99-F7A6-4EF4-8252-7B35B76AF97D}.Debug|Win32.ActiveCfg = Debug|Any CPU
		{7748DE99-F7A6-4EF4-8252-7B35B76AF97D}.Debug|x86.ActiveCfg = Debug|Any CPU
		{7748DE99-F7A6-4EF4-8252-7B35B76AF97D}.Release|Any CPU.ActiveCfg = Release|Any CPU
		{7748DE99-F7A6-4EF4-8252-7B35B76AF97D}.Release|Any CPU.Build.0 = Release|Any CPU
		{7748DE99-F7A6-4EF4-8252-7B35B76AF97D}.Release|Mixed Platforms.ActiveCfg = Release|Any CPU
		{7748DE99-F7A6-4EF4-8252-7B35B76AF97D}.Release|Mixed Platforms.Build.0 = Release|Any CPU
		{7748DE99-F7A6-4EF4-8252-7B35B76AF97D}.Release|Win32.ActiveCfg = Release|Any CPU
		{7748DE99-F7A6-4EF4-8252-7B35B76AF97D}.Release|x86.ActiveCfg = Release|Any CPU
		{2FF700C2-A38A-48BD-A637-8CAFD4FE6237}.Debug|Any CPU.ActiveCfg = Debug|Any CPU
		{2FF700C2-A38A-48BD-A637-8CAFD4FE6237}.Debug|Any CPU.Build.0 = Debug|Any CPU
		{2FF700C2-A38A-48BD-A637-8CAFD4FE6237}.Debug|Mixed Platforms.ActiveCfg = Debug|Any CPU
		{2FF700C2-A38A-48BD-A637-8CAFD4FE6237}.Debug|Mixed Platforms.Build.0 = Debug|Any CPU
		{2FF700C2-A38A-48BD-A637-8CAFD4FE6237}.Debug|Win32.ActiveCfg = Debug|x86
		{2FF700C2-A38A-48BD-A637-8CAFD4FE6237}.Debug|Win32.Build.0 = Debug|x86
		{2FF700C2-A38A-48BD-A637-8CAFD4FE6237}.Debug|x86.ActiveCfg = Debug|x86
		{2FF700C2-A38A-48BD-A637-8CAFD4FE6237}.Debug|x86.Build.0 = Debug|x86
		{2FF700C2-A38A-48BD-A637-8CAFD4FE6237}.Release|Any CPU.ActiveCfg = Release|Any CPU
		{2FF700C2-A38A-48BD-A637-8CAFD4FE6237}.Release|Any CPU.Build.0 = Release|Any CPU
		{2FF700C2-A38A-48BD-A637-8CAFD4FE6237}.Release|Mixed Platforms.ActiveCfg = Release|x86
		{2FF700C2-A38A-48BD-A637-8CAFD4FE6237}.Release|Mixed Platforms.Build.0 = Release|x86
		{2FF700C2-A38A-48BD-A637-8CAFD4FE6237}.Release|Win32.ActiveCfg = Release|x86
		{2FF700C2-A38A-48BD-A637-8CAFD4FE6237}.Release|Win32.Build.0 = Release|x86
		{2FF700C2-A38A-48BD-A637-8CAFD4FE6237}.Release|x86.ActiveCfg = Release|x86
		{2FF700C2-A38A-48BD-A637-8CAFD4FE6237}.Release|x86.Build.0 = Release|x86
		{4A4819C5-6855-40CA-A1C7-86842E876D44}.Debug|Any CPU.ActiveCfg = Debug|Any CPU
		{4A4819C5-6855-40CA-A1C7-86842E876D44}.Debug|Any CPU.Build.0 = Debug|Any CPU
		{4A4819C5-6855-40CA-A1C7-86842E876D44}.Debug|Mixed Platforms.ActiveCfg = Debug|x86
		{4A4819C5-6855-40CA-A1C7-86842E876D44}.Debug|Mixed Platforms.Build.0 = Debug|x86
		{4A4819C5-6855-40CA-A1C7-86842E876D44}.Debug|Win32.ActiveCfg = Debug|x86
		{4A4819C5-6855-40CA-A1C7-86842E876D44}.Debug|Win32.Build.0 = Debug|x86
		{4A4819C5-6855-40CA-A1C7-86842E876D44}.Debug|x86.ActiveCfg = Debug|x86
		{4A4819C5-6855-40CA-A1C7-86842E876D44}.Debug|x86.Build.0 = Debug|x86
		{4A4819C5-6855-40CA-A1C7-86842E876D44}.Release|Any CPU.ActiveCfg = Release|Any CPU
		{4A4819C5-6855-40CA-A1C7-86842E876D44}.Release|Any CPU.Build.0 = Release|Any CPU
		{4A4819C5-6855-40CA-A1C7-86842E876D44}.Release|Mixed Platforms.ActiveCfg = Release|x86
		{4A4819C5-6855-40CA-A1C7-86842E876D44}.Release|Mixed Platforms.Build.0 = Release|x86
		{4A4819C5-6855-40CA-A1C7-86842E876D44}.Release|Win32.ActiveCfg = Release|x86
		{4A4819C5-6855-40CA-A1C7-86842E876D44}.Release|Win32.Build.0 = Release|x86
		{4A4819C5-6855-40CA-A1C7-86842E876D44}.Release|x86.ActiveCfg = Release|x86
		{4A4819C5-6855-40CA-A1C7-86842E876D44}.Release|x86.Build.0 = Release|x86
	EndGlobalSection
	GlobalSection(SolutionProperties) = preSolution
		HideSolutionNode = FALSE
	EndGlobalSection
EndGlobal
